
Microsoft Visual Studio Solution File, Format Version 12.00
# Visual Studio Version 17
VisualStudioVersion = 17.8.34525.116
MinimumVisualStudioVersion = 10.0.40219.1
Project("{FAE04EC0-301F-11D3-BF4B-00C04F79EFBC}") = "Progetto_Settimanale", "Progetto_Settimanale\Progetto_Settimanale.csproj", "{804AA9EC-EFFF-4235-900D-4BB008D19062}"
EndProject
Global
	GlobalSection(SolutionConfigurationPlatforms) = preSolution
		Debug|Any CPU = Debug|Any CPU
		Release|Any CPU = Release|Any CPU
	EndGlobalSection
	GlobalSection(ProjectConfigurationPlatforms) = postSolution
		{804AA9EC-EFFF-4235-900D-4BB008D19062}.Debug|Any CPU.ActiveCfg = Debug|Any CPU
		{804AA9EC-EFFF-4235-900D-4BB008D19062}.Debug|Any CPU.Build.0 = Debug|Any CPU
		{804AA9EC-EFFF-4235-900D-4BB008D19062}.Release|Any CPU.ActiveCfg = Release|Any CPU
		{804AA9EC-EFFF-4235-900D-4BB008D19062}.Release|Any CPU.Build.0 = Release|Any CPU
	EndGlobalSection
	GlobalSection(SolutionProperties) = preSolution
		HideSolutionNode = FALSE
	EndGlobalSection
	GlobalSection(ExtensibilityGlobals) = postSolution
		SolutionGuid = {E2C5302F-5513-41FF-92D4-11867A733999}
	EndGlobalSection
EndGlobal
